// !$*UTF8*$!
{
	archiveVersion = 1;
	classes = {
	};
	objectVersion = 46;
	objects = {

/* Begin PBXBuildFile section */
		75506FAB1D9B821D000850EB /* SongDelegate.swift in Sources */ = {isa = PBXBuildFile; fileRef = 75506FAA1D9B821D000850EB /* SongDelegate.swift */; };
		75506FAE1D9C4176000850EB /* Location+CoreDataProperties.swift in Sources */ = {isa = PBXBuildFile; fileRef = 75506FAC1D9C4176000850EB /* Location+CoreDataProperties.swift */; };
		75506FAF1D9C4176000850EB /* Location.swift in Sources */ = {isa = PBXBuildFile; fileRef = 75506FAD1D9C4176000850EB /* Location.swift */; };
		75D3D7471D9EFF5400ED8853 /* Bells.wav in Resources */ = {isa = PBXBuildFile; fileRef = 75D3D7461D9EFF5400ED8853 /* Bells.wav */; };
		75D3D7491D9EFF6100ED8853 /* Elegant.wav in Resources */ = {isa = PBXBuildFile; fileRef = 75D3D7481D9EFF6100ED8853 /* Elegant.wav */; };
		75D3D74B1D9EFF7A00ED8853 /* Loving You.wav in Resources */ = {isa = PBXBuildFile; fileRef = 75D3D74A1D9EFF7A00ED8853 /* Loving You.wav */; };
		75D3D74D1D9EFF8000ED8853 /* Soft.wav in Resources */ = {isa = PBXBuildFile; fileRef = 75D3D74C1D9EFF8000ED8853 /* Soft.wav */; };
		75D3D74F1D9EFF9300ED8853 /* Sphere.wav in Resources */ = {isa = PBXBuildFile; fileRef = 75D3D74E1D9EFF9300ED8853 /* Sphere.wav */; };
		75D3D7511D9EFFDA00ED8853 /* Hotline Bling Marimba.wav in Resources */ = {isa = PBXBuildFile; fileRef = 75D3D7501D9EFFDA00ED8853 /* Hotline Bling Marimba.wav */; };
		8E505BDA1D9988B400120F06 /* AppDelegate.swift in Sources */ = {isa = PBXBuildFile; fileRef = 8E505BD91D9988B400120F06 /* AppDelegate.swift */; };
		8E505BDC1D9988B400120F06 /* MapViewController.swift in Sources */ = {isa = PBXBuildFile; fileRef = 8E505BDB1D9988B400120F06 /* MapViewController.swift */; };
		8E505BDF1D9988B400120F06 /* Main.storyboard in Resources */ = {isa = PBXBuildFile; fileRef = 8E505BDD1D9988B400120F06 /* Main.storyboard */; };
		8E505BE21D9988B400120F06 /* Bus_Napp.xcdatamodeld in Sources */ = {isa = PBXBuildFile; fileRef = 8E505BE01D9988B400120F06 /* Bus_Napp.xcdatamodeld */; };
		8E505BE41D9988B400120F06 /* Assets.xcassets in Resources */ = {isa = PBXBuildFile; fileRef = 8E505BE31D9988B400120F06 /* Assets.xcassets */; };
		8E505BE71D9988B400120F06 /* LaunchScreen.storyboard in Resources */ = {isa = PBXBuildFile; fileRef = 8E505BE51D9988B400120F06 /* LaunchScreen.storyboard */; };
		8E505BF21D9988B400120F06 /* Bus_NappTests.swift in Sources */ = {isa = PBXBuildFile; fileRef = 8E505BF11D9988B400120F06 /* Bus_NappTests.swift */; };
		8E505BFD1D9988B400120F06 /* Bus_NappUITests.swift in Sources */ = {isa = PBXBuildFile; fileRef = 8E505BFC1D9988B400120F06 /* Bus_NappUITests.swift */; };
		8E505C0B1D99918900120F06 /* NewBusViewController.swift in Sources */ = {isa = PBXBuildFile; fileRef = 8E505C0A1D99918900120F06 /* NewBusViewController.swift */; };
		8E505C111D99C83400120F06 /* MapViewControllerDelegate.swift in Sources */ = {isa = PBXBuildFile; fileRef = 8E505C101D99C83400120F06 /* MapViewControllerDelegate.swift */; };
		8E777AD91D9A214600A9A145 /* CancelButtonDelegate.swift in Sources */ = {isa = PBXBuildFile; fileRef = 8E777AD81D9A214600A9A145 /* CancelButtonDelegate.swift */; };
		8E777ADB1D9A25AF00A9A145 /* SavedViewController.swift in Sources */ = {isa = PBXBuildFile; fileRef = 8E777ADA1D9A25AF00A9A145 /* SavedViewController.swift */; };
		8E777AE11D9A344D00A9A145 /* settings.png in Resources */ = {isa = PBXBuildFile; fileRef = 8E777AE01D9A344D00A9A145 /* settings.png */; };
		8E777AE51D9A372100A9A145 /* map.png in Resources */ = {isa = PBXBuildFile; fileRef = 8E777AE41D9A372100A9A145 /* map.png */; };
		8E777AE71D9A37A100A9A145 /* saved.png in Resources */ = {isa = PBXBuildFile; fileRef = 8E777AE61D9A37A100A9A145 /* saved.png */; };
		8E777B3A1D9B2D6100A9A145 /* LocationDetailsControllerDelegate.swift in Sources */ = {isa = PBXBuildFile; fileRef = 8E777B391D9B2D6100A9A145 /* LocationDetailsControllerDelegate.swift */; };
		8E777B3C1D9B4F8200A9A145 /* SoundViewController.swift in Sources */ = {isa = PBXBuildFile; fileRef = 8E777B3B1D9B4F8200A9A145 /* SoundViewController.swift */; };
		8EF45F901D9DBBBA009DBF42 /* Paradise.wav in Resources */ = {isa = PBXBuildFile; fileRef = 8EF45F8F1D9DBBBA009DBF42 /* Paradise.wav */; };
		8EF45F981D9EB9A1009DBF42 /* bus.png in Resources */ = {isa = PBXBuildFile; fileRef = 8EF45F971D9EB9A1009DBF42 /* bus.png */; };
/* End PBXBuildFile section */

/* Begin PBXContainerItemProxy section */
		8E505BEE1D9988B400120F06 /* PBXContainerItemProxy */ = {
			isa = PBXContainerItemProxy;
			containerPortal = 8E505BCE1D9988B400120F06 /* Project object */;
			proxyType = 1;
			remoteGlobalIDString = 8E505BD51D9988B400120F06;
			remoteInfo = Bus_Napp;
		};
		8E505BF91D9988B400120F06 /* PBXContainerItemProxy */ = {
			isa = PBXContainerItemProxy;
			containerPortal = 8E505BCE1D9988B400120F06 /* Project object */;
			proxyType = 1;
			remoteGlobalIDString = 8E505BD51D9988B400120F06;
			remoteInfo = Bus_Napp;
		};
/* End PBXContainerItemProxy section */

/* Begin PBXFileReference section */
		75506FAA1D9B821D000850EB /* SongDelegate.swift */ = {isa = PBXFileReference; fileEncoding = 4; lastKnownFileType = sourcecode.swift; path = SongDelegate.swift; sourceTree = "<group>"; };
		75506FAC1D9C4176000850EB /* Location+CoreDataProperties.swift */ = {isa = PBXFileReference; fileEncoding = 4; lastKnownFileType = sourcecode.swift; path = "Location+CoreDataProperties.swift"; sourceTree = "<group>"; };
		75506FAD1D9C4176000850EB /* Location.swift */ = {isa = PBXFileReference; fileEncoding = 4; lastKnownFileType = sourcecode.swift; path = Location.swift; sourceTree = "<group>"; };
		75D3D7461D9EFF5400ED8853 /* Bells.wav */ = {isa = PBXFileReference; lastKnownFileType = audio.wav; name = Bells.wav; path = "../../../../Music/iTunes/iTunes Media/Music/Unknown Artist/Unknown Album/Bells.wav"; sourceTree = "<group>"; };
		75D3D7481D9EFF6100ED8853 /* Elegant.wav */ = {isa = PBXFileReference; lastKnownFileType = audio.wav; name = Elegant.wav; path = "../../../../Music/iTunes/iTunes Media/Music/Unknown Artist/Unknown Album/Elegant.wav"; sourceTree = "<group>"; };
		75D3D74A1D9EFF7A00ED8853 /* Loving You.wav */ = {isa = PBXFileReference; lastKnownFileType = audio.wav; name = "Loving You.wav"; path = "../../../../Music/iTunes/iTunes Media/Music/Unknown Artist/Unknown Album/Loving You.wav"; sourceTree = "<group>"; };
		75D3D74C1D9EFF8000ED8853 /* Soft.wav */ = {isa = PBXFileReference; lastKnownFileType = audio.wav; name = Soft.wav; path = "../../../../Music/iTunes/iTunes Media/Music/Unknown Artist/Unknown Album/Soft.wav"; sourceTree = "<group>"; };
		75D3D74E1D9EFF9300ED8853 /* Sphere.wav */ = {isa = PBXFileReference; lastKnownFileType = audio.wav; name = Sphere.wav; path = "../../../../Music/iTunes/iTunes Media/Music/Unknown Artist/Unknown Album/Sphere.wav"; sourceTree = "<group>"; };
		75D3D7501D9EFFDA00ED8853 /* Hotline Bling Marimba.wav */ = {isa = PBXFileReference; lastKnownFileType = audio.wav; name = "Hotline Bling Marimba.wav"; path = "../../../../Desktop/Hotline Bling Marimba.wav"; sourceTree = "<group>"; };
		8E505BD61D9988B400120F06 /* Bus_Napp.app */ = {isa = PBXFileReference; explicitFileType = wrapper.application; includeInIndex = 0; path = Bus_Napp.app; sourceTree = BUILT_PRODUCTS_DIR; };
		8E505BD91D9988B400120F06 /* AppDelegate.swift */ = {isa = PBXFileReference; lastKnownFileType = sourcecode.swift; path = AppDelegate.swift; sourceTree = "<group>"; };
		8E505BDB1D9988B400120F06 /* MapViewController.swift */ = {isa = PBXFileReference; lastKnownFileType = sourcecode.swift; path = MapViewController.swift; sourceTree = "<group>"; };
		8E505BDE1D9988B400120F06 /* Base */ = {isa = PBXFileReference; lastKnownFileType = file.storyboard; name = Base; path = Base.lproj/Main.storyboard; sourceTree = "<group>"; };
		8E505BE11D9988B400120F06 /* Bus_Napp.xcdatamodel */ = {isa = PBXFileReference; lastKnownFileType = wrapper.xcdatamodel; path = Bus_Napp.xcdatamodel; sourceTree = "<group>"; };
		8E505BE31D9988B400120F06 /* Assets.xcassets */ = {isa = PBXFileReference; lastKnownFileType = folder.assetcatalog; path = Assets.xcassets; sourceTree = "<group>"; };
		8E505BE61D9988B400120F06 /* Base */ = {isa = PBXFileReference; lastKnownFileType = file.storyboard; name = Base; path = Base.lproj/LaunchScreen.storyboard; sourceTree = "<group>"; };
		8E505BE81D9988B400120F06 /* Info.plist */ = {isa = PBXFileReference; lastKnownFileType = text.plist.xml; path = Info.plist; sourceTree = "<group>"; };
		8E505BED1D9988B400120F06 /* Bus_NappTests.xctest */ = {isa = PBXFileReference; explicitFileType = wrapper.cfbundle; includeInIndex = 0; path = Bus_NappTests.xctest; sourceTree = BUILT_PRODUCTS_DIR; };
		8E505BF11D9988B400120F06 /* Bus_NappTests.swift */ = {isa = PBXFileReference; lastKnownFileType = sourcecode.swift; path = Bus_NappTests.swift; sourceTree = "<group>"; };
		8E505BF31D9988B400120F06 /* Info.plist */ = {isa = PBXFileReference; lastKnownFileType = text.plist.xml; path = Info.plist; sourceTree = "<group>"; };
		8E505BF81D9988B400120F06 /* Bus_NappUITests.xctest */ = {isa = PBXFileReference; explicitFileType = wrapper.cfbundle; includeInIndex = 0; path = Bus_NappUITests.xctest; sourceTree = BUILT_PRODUCTS_DIR; };
		8E505BFC1D9988B400120F06 /* Bus_NappUITests.swift */ = {isa = PBXFileReference; lastKnownFileType = sourcecode.swift; path = Bus_NappUITests.swift; sourceTree = "<group>"; };
		8E505BFE1D9988B400120F06 /* Info.plist */ = {isa = PBXFileReference; lastKnownFileType = text.plist.xml; path = Info.plist; sourceTree = "<group>"; };
		8E505C0A1D99918900120F06 /* NewBusViewController.swift */ = {isa = PBXFileReference; fileEncoding = 4; lastKnownFileType = sourcecode.swift; path = NewBusViewController.swift; sourceTree = "<group>"; };
		8E505C101D99C83400120F06 /* MapViewControllerDelegate.swift */ = {isa = PBXFileReference; fileEncoding = 4; lastKnownFileType = sourcecode.swift; path = MapViewControllerDelegate.swift; sourceTree = "<group>"; };
		8E777AD81D9A214600A9A145 /* CancelButtonDelegate.swift */ = {isa = PBXFileReference; fileEncoding = 4; lastKnownFileType = sourcecode.swift; path = CancelButtonDelegate.swift; sourceTree = "<group>"; };
		8E777ADA1D9A25AF00A9A145 /* SavedViewController.swift */ = {isa = PBXFileReference; fileEncoding = 4; lastKnownFileType = sourcecode.swift; path = SavedViewController.swift; sourceTree = "<group>"; };
		8E777AE01D9A344D00A9A145 /* settings.png */ = {isa = PBXFileReference; lastKnownFileType = image.png; path = settings.png; sourceTree = "<group>"; };
		8E777AE41D9A372100A9A145 /* map.png */ = {isa = PBXFileReference; lastKnownFileType = image.png; path = map.png; sourceTree = "<group>"; };
		8E777AE61D9A37A100A9A145 /* saved.png */ = {isa = PBXFileReference; lastKnownFileType = image.png; path = saved.png; sourceTree = "<group>"; };
		8E777B391D9B2D6100A9A145 /* LocationDetailsControllerDelegate.swift */ = {isa = PBXFileReference; fileEncoding = 4; lastKnownFileType = sourcecode.swift; path = LocationDetailsControllerDelegate.swift; sourceTree = "<group>"; };
		8E777B3B1D9B4F8200A9A145 /* SoundViewController.swift */ = {isa = PBXFileReference; fileEncoding = 4; lastKnownFileType = sourcecode.swift; path = SoundViewController.swift; sourceTree = "<group>"; };
		8EF45F8F1D9DBBBA009DBF42 /* Paradise.wav */ = {isa = PBXFileReference; lastKnownFileType = audio.wav; path = Paradise.wav; sourceTree = "<group>"; };
		8EF45F971D9EB9A1009DBF42 /* bus.png */ = {isa = PBXFileReference; lastKnownFileType = image.png; path = bus.png; sourceTree = "<group>"; };
/* End PBXFileReference section */

/* Begin PBXFrameworksBuildPhase section */
		8E505BD31D9988B400120F06 /* Frameworks */ = {
			isa = PBXFrameworksBuildPhase;
			buildActionMask = 2147483647;
			files = (
			);
			runOnlyForDeploymentPostprocessing = 0;
		};
		8E505BEA1D9988B400120F06 /* Frameworks */ = {
			isa = PBXFrameworksBuildPhase;
			buildActionMask = 2147483647;
			files = (
			);
			runOnlyForDeploymentPostprocessing = 0;
		};
		8E505BF51D9988B400120F06 /* Frameworks */ = {
			isa = PBXFrameworksBuildPhase;
			buildActionMask = 2147483647;
			files = (
			);
			runOnlyForDeploymentPostprocessing = 0;
		};
/* End PBXFrameworksBuildPhase section */

/* Begin PBXGroup section */
		8E505BCD1D9988B400120F06 = {
			isa = PBXGroup;
			children = (
				75506FAC1D9C4176000850EB /* Location+CoreDataProperties.swift */,
				75506FAD1D9C4176000850EB /* Location.swift */,
				8E505BD81D9988B400120F06 /* Bus_Napp */,
				8E505BF01D9988B400120F06 /* Bus_NappTests */,
				8E505BFB1D9988B400120F06 /* Bus_NappUITests */,
				8E505BD71D9988B400120F06 /* Products */,
			);
			sourceTree = "<group>";
		};
		8E505BD71D9988B400120F06 /* Products */ = {
			isa = PBXGroup;
			children = (
				8E505BD61D9988B400120F06 /* Bus_Napp.app */,
				8E505BED1D9988B400120F06 /* Bus_NappTests.xctest */,
				8E505BF81D9988B400120F06 /* Bus_NappUITests.xctest */,
			);
			name = Products;
			sourceTree = "<group>";
		};
		8E505BD81D9988B400120F06 /* Bus_Napp */ = {
			isa = PBXGroup;
			children = (
				8E505BD91D9988B400120F06 /* AppDelegate.swift */,
				8E505BDD1D9988B400120F06 /* Main.storyboard */,
				8EF45F8F1D9DBBBA009DBF42 /* Paradise.wav */,
				75D3D7481D9EFF6100ED8853 /* Elegant.wav */,
				75D3D74A1D9EFF7A00ED8853 /* Loving You.wav */,
				75D3D7501D9EFFDA00ED8853 /* Hotline Bling Marimba.wav */,
				75D3D74E1D9EFF9300ED8853 /* Sphere.wav */,
				75D3D74C1D9EFF8000ED8853 /* Soft.wav */,
				75D3D7461D9EFF5400ED8853 /* Bells.wav */,
				8E777B3B1D9B4F8200A9A145 /* SoundViewController.swift */,
				8E505BDB1D9988B400120F06 /* MapViewController.swift */,
				8E505C0A1D99918900120F06 /* NewBusViewController.swift */,
				8E777ADA1D9A25AF00A9A145 /* SavedViewController.swift */,
				8E777B391D9B2D6100A9A145 /* LocationDetailsControllerDelegate.swift */,
				75506FAA1D9B821D000850EB /* SongDelegate.swift */,
				8E777AD81D9A214600A9A145 /* CancelButtonDelegate.swift */,
				8E777AE01D9A344D00A9A145 /* settings.png */,
				8E505C101D99C83400120F06 /* MapViewControllerDelegate.swift */,
				8EF45F971D9EB9A1009DBF42 /* bus.png */,
				8E777AE41D9A372100A9A145 /* map.png */,
				8E777AE61D9A37A100A9A145 /* saved.png */,
				8E505BE31D9988B400120F06 /* Assets.xcassets */,
				8E505BE51D9988B400120F06 /* LaunchScreen.storyboard */,
				8E505BE81D9988B400120F06 /* Info.plist */,
				8E505BE01D9988B400120F06 /* Bus_Napp.xcdatamodeld */,
			);
			path = Bus_Napp;
			sourceTree = "<group>";
		};
		8E505BF01D9988B400120F06 /* Bus_NappTests */ = {
			isa = PBXGroup;
			children = (
				8E505BF11D9988B400120F06 /* Bus_NappTests.swift */,
				8E505BF31D9988B400120F06 /* Info.plist */,
			);
			path = Bus_NappTests;
			sourceTree = "<group>";
		};
		8E505BFB1D9988B400120F06 /* Bus_NappUITests */ = {
			isa = PBXGroup;
			children = (
				8E505BFC1D9988B400120F06 /* Bus_NappUITests.swift */,
				8E505BFE1D9988B400120F06 /* Info.plist */,
			);
			path = Bus_NappUITests;
			sourceTree = "<group>";
		};
/* End PBXGroup section */

/* Begin PBXNativeTarget section */
		8E505BD51D9988B400120F06 /* Bus_Napp */ = {
			isa = PBXNativeTarget;
			buildConfigurationList = 8E505C011D9988B400120F06 /* Build configuration list for PBXNativeTarget "Bus_Napp" */;
			buildPhases = (
				8E505BD21D9988B400120F06 /* Sources */,
				8E505BD31D9988B400120F06 /* Frameworks */,
				8E505BD41D9988B400120F06 /* Resources */,
			);
			buildRules = (
			);
			dependencies = (
			);
			name = Bus_Napp;
			productName = Bus_Napp;
			productReference = 8E505BD61D9988B400120F06 /* Bus_Napp.app */;
			productType = "com.apple.product-type.application";
		};
		8E505BEC1D9988B400120F06 /* Bus_NappTests */ = {
			isa = PBXNativeTarget;
			buildConfigurationList = 8E505C041D9988B400120F06 /* Build configuration list for PBXNativeTarget "Bus_NappTests" */;
			buildPhases = (
				8E505BE91D9988B400120F06 /* Sources */,
				8E505BEA1D9988B400120F06 /* Frameworks */,
				8E505BEB1D9988B400120F06 /* Resources */,
			);
			buildRules = (
			);
			dependencies = (
				8E505BEF1D9988B400120F06 /* PBXTargetDependency */,
			);
			name = Bus_NappTests;
			productName = Bus_NappTests;
			productReference = 8E505BED1D9988B400120F06 /* Bus_NappTests.xctest */;
			productType = "com.apple.product-type.bundle.unit-test";
		};
		8E505BF71D9988B400120F06 /* Bus_NappUITests */ = {
			isa = PBXNativeTarget;
			buildConfigurationList = 8E505C071D9988B400120F06 /* Build configuration list for PBXNativeTarget "Bus_NappUITests" */;
			buildPhases = (
				8E505BF41D9988B400120F06 /* Sources */,
				8E505BF51D9988B400120F06 /* Frameworks */,
				8E505BF61D9988B400120F06 /* Resources */,
			);
			buildRules = (
			);
			dependencies = (
				8E505BFA1D9988B400120F06 /* PBXTargetDependency */,
			);
			name = Bus_NappUITests;
			productName = Bus_NappUITests;
			productReference = 8E505BF81D9988B400120F06 /* Bus_NappUITests.xctest */;
			productType = "com.apple.product-type.bundle.ui-testing";
		};
/* End PBXNativeTarget section */

/* Begin PBXProject section */
		8E505BCE1D9988B400120F06 /* Project object */ = {
			isa = PBXProject;
			attributes = {
				LastSwiftUpdateCheck = 0730;
				LastUpgradeCheck = 0730;
				ORGANIZATIONNAME = "Charlotte Abrams";
				TargetAttributes = {
					8E505BD51D9988B400120F06 = {
						CreatedOnToolsVersion = 7.3.1;
						DevelopmentTeam = EL9YZC6M48;
						SystemCapabilities = {
							com.apple.Maps.iOS = {
								enabled = 0;
							};
						};
					};
					8E505BEC1D9988B400120F06 = {
						CreatedOnToolsVersion = 7.3.1;
						TestTargetID = 8E505BD51D9988B400120F06;
					};
					8E505BF71D9988B400120F06 = {
						CreatedOnToolsVersion = 7.3.1;
						TestTargetID = 8E505BD51D9988B400120F06;
					};
				};
			};
			buildConfigurationList = 8E505BD11D9988B400120F06 /* Build configuration list for PBXProject "Bus_Napp" */;
			compatibilityVersion = "Xcode 3.2";
			developmentRegion = English;
			hasScannedForEncodings = 0;
			knownRegions = (
				en,
				Base,
			);
			mainGroup = 8E505BCD1D9988B400120F06;
			productRefGroup = 8E505BD71D9988B400120F06 /* Products */;
			projectDirPath = "";
			projectRoot = "";
			targets = (
				8E505BD51D9988B400120F06 /* Bus_Napp */,
				8E505BEC1D9988B400120F06 /* Bus_NappTests */,
				8E505BF71D9988B400120F06 /* Bus_NappUITests */,
			);
		};
/* End PBXProject section */

/* Begin PBXResourcesBuildPhase section */
		8E505BD41D9988B400120F06 /* Resources */ = {
			isa = PBXResourcesBuildPhase;
			buildActionMask = 2147483647;
			files = (
				75D3D74F1D9EFF9300ED8853 /* Sphere.wav in Resources */,
				75D3D74D1D9EFF8000ED8853 /* Soft.wav in Resources */,
				75D3D74B1D9EFF7A00ED8853 /* Loving You.wav in Resources */,
				75D3D7471D9EFF5400ED8853 /* Bells.wav in Resources */,
				8E777AE51D9A372100A9A145 /* map.png in Resources */,
				8E777AE71D9A37A100A9A145 /* saved.png in Resources */,
				75D3D7491D9EFF6100ED8853 /* Elegant.wav in Resources */,
				8EF45F981D9EB9A1009DBF42 /* bus.png in Resources */,
				8EF45F901D9DBBBA009DBF42 /* Paradise.wav in Resources */,
				8E777AE11D9A344D00A9A145 /* settings.png in Resources */,
				8E505BE71D9988B400120F06 /* LaunchScreen.storyboard in Resources */,
				8E505BE41D9988B400120F06 /* Assets.xcassets in Resources */,
				8E505BDF1D9988B400120F06 /* Main.storyboard in Resources */,
				75D3D7511D9EFFDA00ED8853 /* Hotline Bling Marimba.wav in Resources */,
			);
			runOnlyForDeploymentPostprocessing = 0;
		};
		8E505BEB1D9988B400120F06 /* Resources */ = {
			isa = PBXResourcesBuildPhase;
			buildActionMask = 2147483647;
			files = (
			);
			runOnlyForDeploymentPostprocessing = 0;
		};
		8E505BF61D9988B400120F06 /* Resources */ = {
			isa = PBXResourcesBuildPhase;
			buildActionMask = 2147483647;
			files = (
			);
			runOnlyForDeploymentPostprocessing = 0;
		};
/* End PBXResourcesBuildPhase section */

/* Begin PBXSourcesBuildPhase section */
		8E505BD21D9988B400120F06 /* Sources */ = {
			isa = PBXSourcesBuildPhase;
			buildActionMask = 2147483647;
			files = (
				8E777B3A1D9B2D6100A9A145 /* LocationDetailsControllerDelegate.swift in Sources */,
				8E505C0B1D99918900120F06 /* NewBusViewController.swift in Sources */,
				75506FAE1D9C4176000850EB /* Location+CoreDataProperties.swift in Sources */,
				75506FAB1D9B821D000850EB /* SongDelegate.swift in Sources */,
				8E777B3C1D9B4F8200A9A145 /* SoundViewController.swift in Sources */,
				8E505BE21D9988B400120F06 /* Bus_Napp.xcdatamodeld in Sources */,
				8E777AD91D9A214600A9A145 /* CancelButtonDelegate.swift in Sources */,
				8E777ADB1D9A25AF00A9A145 /* SavedViewController.swift in Sources */,
				8E505BDC1D9988B400120F06 /* MapViewController.swift in Sources */,
				8E505BDA1D9988B400120F06 /* AppDelegate.swift in Sources */,
				75506FAF1D9C4176000850EB /* Location.swift in Sources */,
				8E505C111D99C83400120F06 /* MapViewControllerDelegate.swift in Sources */,
			);
			runOnlyForDeploymentPostprocessing = 0;
		};
		8E505BE91D9988B400120F06 /* Sources */ = {
			isa = PBXSourcesBuildPhase;
			buildActionMask = 2147483647;
			files = (
				8E505BF21D9988B400120F06 /* Bus_NappTests.swift in Sources */,
			);
			runOnlyForDeploymentPostprocessing = 0;
		};
		8E505BF41D9988B400120F06 /* Sources */ = {
			isa = PBXSourcesBuildPhase;
			buildActionMask = 2147483647;
			files = (
				8E505BFD1D9988B400120F06 /* Bus_NappUITests.swift in Sources */,
			);
			runOnlyForDeploymentPostprocessing = 0;
		};
/* End PBXSourcesBuildPhase section */

/* Begin PBXTargetDependency section */
		8E505BEF1D9988B400120F06 /* PBXTargetDependency */ = {
			isa = PBXTargetDependency;
			target = 8E505BD51D9988B400120F06 /* Bus_Napp */;
			targetProxy = 8E505BEE1D9988B400120F06 /* PBXContainerItemProxy */;
		};
		8E505BFA1D9988B400120F06 /* PBXTargetDependency */ = {
			isa = PBXTargetDependency;
			target = 8E505BD51D9988B400120F06 /* Bus_Napp */;
			targetProxy = 8E505BF91D9988B400120F06 /* PBXContainerItemProxy */;
		};
/* End PBXTargetDependency section */

/* Begin PBXVariantGroup section */
		8E505BDD1D9988B400120F06 /* Main.storyboard */ = {
			isa = PBXVariantGroup;
			children = (
				8E505BDE1D9988B400120F06 /* Base */,
			);
			name = Main.storyboard;
			sourceTree = "<group>";
		};
		8E505BE51D9988B400120F06 /* LaunchScreen.storyboard */ = {
			isa = PBXVariantGroup;
			children = (
				8E505BE61D9988B400120F06 /* Base */,
			);
			name = LaunchScreen.storyboard;
			sourceTree = "<group>";
		};
/* End PBXVariantGroup section */

/* Begin XCBuildConfiguration section */
		8E505BFF1D9988B400120F06 /* Debug */ = {
			isa = XCBuildConfiguration;
			buildSettings = {
				ALWAYS_SEARCH_USER_PATHS = NO;
				CLANG_ANALYZER_NONNULL = YES;
				CLANG_CXX_LANGUAGE_STANDARD = "gnu++0x";
				CLANG_CXX_LIBRARY = "libc++";
				CLANG_ENABLE_MODULES = YES;
				CLANG_ENABLE_OBJC_ARC = YES;
				CLANG_WARN_BOOL_CONVERSION = YES;
				CLANG_WARN_CONSTANT_CONVERSION = YES;
				CLANG_WARN_DIRECT_OBJC_ISA_USAGE = YES_ERROR;
				CLANG_WARN_EMPTY_BODY = YES;
				CLANG_WARN_ENUM_CONVERSION = YES;
				CLANG_WARN_INT_CONVERSION = YES;
				CLANG_WARN_OBJC_ROOT_CLASS = YES_ERROR;
				CLANG_WARN_UNREACHABLE_CODE = YES;
				CLANG_WARN__DUPLICATE_METHOD_MATCH = YES;
				"CODE_SIGN_IDENTITY[sdk=iphoneos*]" = "iPhone Developer";
				COPY_PHASE_STRIP = NO;
				DEBUG_INFORMATION_FORMAT = dwarf;
				ENABLE_STRICT_OBJC_MSGSEND = YES;
				ENABLE_TESTABILITY = YES;
				GCC_C_LANGUAGE_STANDARD = gnu99;
				GCC_DYNAMIC_NO_PIC = NO;
				GCC_NO_COMMON_BLOCKS = YES;
				GCC_OPTIMIZATION_LEVEL = 0;
				GCC_PREPROCESSOR_DEFINITIONS = (
					"DEBUG=1",
					"$(inherited)",
				);
				GCC_WARN_64_TO_32_BIT_CONVERSION = YES;
				GCC_WARN_ABOUT_RETURN_TYPE = YES_ERROR;
				GCC_WARN_UNDECLARED_SELECTOR = YES;
				GCC_WARN_UNINITIALIZED_AUTOS = YES_AGGRESSIVE;
				GCC_WARN_UNUSED_FUNCTION = YES;
				GCC_WARN_UNUSED_VARIABLE = YES;
				IPHONEOS_DEPLOYMENT_TARGET = 9.3;
				MTL_ENABLE_DEBUG_INFO = YES;
				ONLY_ACTIVE_ARCH = YES;
				SDKROOT = iphoneos;
				SWIFT_OPTIMIZATION_LEVEL = "-Onone";
				TARGETED_DEVICE_FAMILY = "1,2";
			};
			name = Debug;
		};
		8E505C001D9988B400120F06 /* Release */ = {
			isa = XCBuildConfiguration;
			buildSettings = {
				ALWAYS_SEARCH_USER_PATHS = NO;
				CLANG_ANALYZER_NONNULL = YES;
				CLANG_CXX_LANGUAGE_STANDARD = "gnu++0x";
				CLANG_CXX_LIBRARY = "libc++";
				CLANG_ENABLE_MODULES = YES;
				CLANG_ENABLE_OBJC_ARC = YES;
				CLANG_WARN_BOOL_CONVERSION = YES;
				CLANG_WARN_CONSTANT_CONVERSION = YES;
				CLANG_WARN_DIRECT_OBJC_ISA_USAGE = YES_ERROR;
				CLANG_WARN_EMPTY_BODY = YES;
				CLANG_WARN_ENUM_CONVERSION = YES;
				CLANG_WARN_INT_CONVERSION = YES;
				CLANG_WARN_OBJC_ROOT_CLASS = YES_ERROR;
				CLANG_WARN_UNREACHABLE_CODE = YES;
				CLANG_WARN__DUPLICATE_METHOD_MATCH = YES;
				"CODE_SIGN_IDENTITY[sdk=iphoneos*]" = "iPhone Developer";
				COPY_PHASE_STRIP = NO;
				DEBUG_INFORMATION_FORMAT = "dwarf-with-dsym";
				ENABLE_NS_ASSERTIONS = NO;
				ENABLE_STRICT_OBJC_MSGSEND = YES;
				GCC_C_LANGUAGE_STANDARD = gnu99;
				GCC_NO_COMMON_BLOCKS = YES;
				GCC_WARN_64_TO_32_BIT_CONVERSION = YES;
				GCC_WARN_ABOUT_RETURN_TYPE = YES_ERROR;
				GCC_WARN_UNDECLARED_SELECTOR = YES;
				GCC_WARN_UNINITIALIZED_AUTOS = YES_AGGRESSIVE;
				GCC_WARN_UNUSED_FUNCTION = YES;
				GCC_WARN_UNUSED_VARIABLE = YES;
				IPHONEOS_DEPLOYMENT_TARGET = 9.3;
				MTL_ENABLE_DEBUG_INFO = NO;
				SDKROOT = iphoneos;
				TARGETED_DEVICE_FAMILY = "1,2";
				VALIDATE_PRODUCT = YES;
			};
			name = Release;
		};
		8E505C021D9988B400120F06 /* Debug */ = {
			isa = XCBuildConfiguration;
			buildSettings = {
				ASSETCATALOG_COMPILER_APPICON_NAME = AppIcon;
				CODE_SIGN_IDENTITY = "iPhone Developer";
				"CODE_SIGN_IDENTITY[sdk=iphoneos*]" = "iPhone Developer";
				INFOPLIST_FILE = Bus_Napp/Info.plist;
				LD_RUNPATH_SEARCH_PATHS = "$(inherited) @executable_path/Frameworks";
				PRODUCT_BUNDLE_IDENTIFIER = "com.codingdojo.Bus-Napp";
				PRODUCT_NAME = "$(TARGET_NAME)";
				PROVISIONING_PROFILE = "";
				TARGETED_DEVICE_FAMILY = "1,2";
			};
			name = Debug;
		};
		8E505C031D9988B400120F06 /* Release */ = {
			isa = XCBuildConfiguration;
			buildSettings = {
				ASSETCATALOG_COMPILER_APPICON_NAME = AppIcon;
				CODE_SIGN_IDENTITY = "iPhone Developer";
				"CODE_SIGN_IDENTITY[sdk=iphoneos*]" = "iPhone Developer";
				INFOPLIST_FILE = Bus_Napp/Info.plist;
				LD_RUNPATH_SEARCH_PATHS = "$(inherited) @executable_path/Frameworks";
				PRODUCT_BUNDLE_IDENTIFIER = "com.codingdojo.Bus-Napp";
				PRODUCT_NAME = "$(TARGET_NAME)";
				PROVISIONING_PROFILE = "";
				TARGETED_DEVICE_FAMILY = "1,2";
			};
			name = Release;
		};
		8E505C051D9988B400120F06 /* Debug */ = {
			isa = XCBuildConfiguration;
			buildSettings = {
				BUNDLE_LOADER = "$(TEST_HOST)";
				INFOPLIST_FILE = Bus_NappTests/Info.plist;
				LD_RUNPATH_SEARCH_PATHS = "$(inherited) @executable_path/Frameworks @loader_path/Frameworks";
				PRODUCT_BUNDLE_IDENTIFIER = "com.codingdojo.Bus-NappTests";
				PRODUCT_NAME = "$(TARGET_NAME)";
				TEST_HOST = "$(BUILT_PRODUCTS_DIR)/Bus_Napp.app/Bus_Napp";
			};
			name = Debug;
		};
		8E505C061D9988B400120F06 /* Release */ = {
			isa = XCBuildConfiguration;
			buildSettings = {
				BUNDLE_LOADER = "$(TEST_HOST)";
				INFOPLIST_FILE = Bus_NappTests/Info.plist;
				LD_RUNPATH_SEARCH_PATHS = "$(inherited) @executable_path/Frameworks @loader_path/Frameworks";
				PRODUCT_BUNDLE_IDENTIFIER = "com.codingdojo.Bus-NappTests";
				PRODUCT_NAME = "$(TARGET_NAME)";
				TEST_HOST = "$(BUILT_PRODUCTS_DIR)/Bus_Napp.app/Bus_Napp";
			};
			name = Release;
		};
		8E505C081D9988B400120F06 /* Debug */ = {
			isa = XCBuildConfiguration;
			buildSettings = {
				INFOPLIST_FILE = Bus_NappUITests/Info.plist;
				LD_RUNPATH_SEARCH_PATHS = "$(inherited) @executable_path/Frameworks @loader_path/Frameworks";
				PRODUCT_BUNDLE_IDENTIFIER = "com.codingdojo.Bus-NappUITests";
				PRODUCT_NAME = "$(TARGET_NAME)";
				TEST_TARGET_NAME = Bus_Napp;
			};
			name = Debug;
		};
		8E505C091D9988B400120F06 /* Release */ = {
			isa = XCBuildConfiguration;
			buildSettings = {
				INFOPLIST_FILE = Bus_NappUITests/Info.plist;
				LD_RUNPATH_SEARCH_PATHS = "$(inherited) @executable_path/Frameworks @loader_path/Frameworks";
				PRODUCT_BUNDLE_IDENTIFIER = "com.codingdojo.Bus-NappUITests";
				PRODUCT_NAME = "$(TARGET_NAME)";
				TEST_TARGET_NAME = Bus_Napp;
			};
			name = Release;
		};
/* End XCBuildConfiguration section */

/* Begin XCConfigurationList section */
		8E505BD11D9988B400120F06 /* Build configuration list for PBXProject "Bus_Napp" */ = {
			isa = XCConfigurationList;
			buildConfigurations = (
				8E505BFF1D9988B400120F06 /* Debug */,
				8E505C001D9988B400120F06 /* Release */,
			);
			defaultConfigurationIsVisible = 0;
			defaultConfigurationName = Release;
		};
		8E505C011D9988B400120F06 /* Build configuration list for PBXNativeTarget "Bus_Napp" */ = {
			isa = XCConfigurationList;
			buildConfigurations = (
				8E505C021D9988B400120F06 /* Debug */,
				8E505C031D9988B400120F06 /* Release */,
			);
			defaultConfigurationIsVisible = 0;
			defaultConfigurationName = Release;
		};
		8E505C041D9988B400120F06 /* Build configuration list for PBXNativeTarget "Bus_NappTests" */ = {
			isa = XCConfigurationList;
			buildConfigurations = (
				8E505C051D9988B400120F06 /* Debug */,
				8E505C061D9988B400120F06 /* Release */,
			);
			defaultConfigurationIsVisible = 0;
			defaultConfigurationName = Release;
		};
		8E505C071D9988B400120F06 /* Build configuration list for PBXNativeTarget "Bus_NappUITests" */ = {
			isa = XCConfigurationList;
			buildConfigurations = (
				8E505C081D9988B400120F06 /* Debug */,
				8E505C091D9988B400120F06 /* Release */,
			);
			defaultConfigurationIsVisible = 0;
			defaultConfigurationName = Release;
		};
/* End XCConfigurationList section */

/* Begin XCVersionGroup section */
		8E505BE01D9988B400120F06 /* Bus_Napp.xcdatamodeld */ = {
			isa = XCVersionGroup;
			children = (
				8E505BE11D9988B400120F06 /* Bus_Napp.xcdatamodel */,
			);
			currentVersion = 8E505BE11D9988B400120F06 /* Bus_Napp.xcdatamodel */;
			path = Bus_Napp.xcdatamodeld;
			sourceTree = "<group>";
			versionGroupType = wrapper.xcdatamodel;
		};
/* End XCVersionGroup section */
	};
	rootObject = 8E505BCE1D9988B400120F06 /* Project object */;
}
